// !$*UTF8*$!
{
	archiveVersion = 1;
	classes = {
	};
	objectVersion = 77;
	objects = {

/* Begin PBXBuildFile section */
		005BFF479B855BD68EDAF7B5 /* JSONValue.swift in Sources */ = {isa = PBXBuildFile; fileRef = 262374C5506881D2B66ED506 /* JSONValue.swift */; };
		06153F344A5F03EAC4201C33 /* MenuBarView.swift in Sources */ = {isa = PBXBuildFile; fileRef = F81591BD67C8AED8C7780EEB /* MenuBarView.swift */; };
		21139ECAD15B6B289C7BF541 /* Resources in Resources */ = {isa = PBXBuildFile; fileRef = 2D2F0145E50EE07CF434625C /* Resources */; };
		434DB9F49359A889D4ACA333 /* HistoryPane.swift in Sources */ = {isa = PBXBuildFile; fileRef = 8519097DB1B32ABA90519163 /* HistoryPane.swift */; };
		6C9C3BEF97F5C93D4356A993 /* ServerPane.swift in Sources */ = {isa = PBXBuildFile; fileRef = 7AE48258FEBA1D0E79879564 /* ServerPane.swift */; };
		8581BD04E15CBFC8CDB2D42E /* NetMonServerApp.swift in Sources */ = {isa = PBXBuildFile; fileRef = 8D1075BC7B502696CA74B0E3 /* NetMonServerApp.swift */; };
		91857B91DF633FCCFCA9BAAE /* DevicesPane.swift in Sources */ = {isa = PBXBuildFile; fileRef = F6F1B79374194356345F24F3 /* DevicesPane.swift */; };
		98072EB2C4BA07DFA2E87F5A /* FirstRunWizard.swift in Sources */ = {isa = PBXBuildFile; fileRef = 9610B930346072E93E57D4F4 /* FirstRunWizard.swift */; };
		9BB09ACE8A90593FB73C1412 /* DataModels.swift in Sources */ = {isa = PBXBuildFile; fileRef = A595115F9B17CC4FA7FA51AB /* DataModels.swift */; };
		BE3804D0F3FEF57C33033F9C /* DashboardPane.swift in Sources */ = {isa = PBXBuildFile; fileRef = 03D76DEA76DE2EAB6ED274E3 /* DashboardPane.swift */; };
		CD0CB0598CFAF35D9912992E /* EventsPane.swift in Sources */ = {isa = PBXBuildFile; fileRef = E908AA93D769DB1B3AF1CC60 /* EventsPane.swift */; };
		CFCF93010503C7D742766201 /* UpdateChecker.swift in Sources */ = {isa = PBXBuildFile; fileRef = 47C57A16498DDAA124C4125B /* UpdateChecker.swift */; };
		E8363B60C93E4CC17E6B8050 /* SetupView.swift in Sources */ = {isa = PBXBuildFile; fileRef = 01E89838FE75636CDE06C5DD /* SetupView.swift */; };
		E8662602FA2B68B1B9A1AA46 /* ServerController.swift in Sources */ = {isa = PBXBuildFile; fileRef = 176759559F8E2010B4624D25 /* ServerController.swift */; };
		EABFCA51A6895170EDFBFD4A /* MainWindowView.swift in Sources */ = {isa = PBXBuildFile; fileRef = A2259112416CFB1243B1715D /* MainWindowView.swift */; };
		FBF4FB630A67A444106C322D /* LocalAPIClient.swift in Sources */ = {isa = PBXBuildFile; fileRef = 3F3E4D91239D6F5C56739021 /* LocalAPIClient.swift */; };
/* End PBXBuildFile section */

/* Begin PBXFileReference section */
		01E89838FE75636CDE06C5DD /* SetupView.swift */ = {isa = PBXFileReference; lastKnownFileType = sourcecode.swift; path = SetupView.swift; sourceTree = "<group>"; };
		03D76DEA76DE2EAB6ED274E3 /* DashboardPane.swift */ = {isa = PBXFileReference; lastKnownFileType = sourcecode.swift; path = DashboardPane.swift; sourceTree = "<group>"; };
		176759559F8E2010B4624D25 /* ServerController.swift */ = {isa = PBXFileReference; lastKnownFileType = sourcecode.swift; path = ServerController.swift; sourceTree = "<group>"; };
		262374C5506881D2B66ED506 /* JSONValue.swift */ = {isa = PBXFileReference; lastKnownFileType = sourcecode.swift; path = JSONValue.swift; sourceTree = "<group>"; };
		2D2F0145E50EE07CF434625C /* Resources */ = {isa = PBXFileReference; lastKnownFileType = folder; name = Resources; path = NetMonServer/Resources; sourceTree = SOURCE_ROOT; };
		3F3E4D91239D6F5C56739021 /* LocalAPIClient.swift */ = {isa = PBXFileReference; lastKnownFileType = sourcecode.swift; path = LocalAPIClient.swift; sourceTree = "<group>"; };
		47C57A16498DDAA124C4125B /* UpdateChecker.swift */ = {isa = PBXFileReference; lastKnownFileType = sourcecode.swift; path = UpdateChecker.swift; sourceTree = "<group>"; };
		7AE48258FEBA1D0E79879564 /* ServerPane.swift */ = {isa = PBXFileReference; lastKnownFileType = sourcecode.swift; path = ServerPane.swift; sourceTree = "<group>"; };
		8519097DB1B32ABA90519163 /* HistoryPane.swift */ = {isa = PBXFileReference; lastKnownFileType = sourcecode.swift; path = HistoryPane.swift; sourceTree = "<group>"; };
		8D1075BC7B502696CA74B0E3 /* NetMonServerApp.swift */ = {isa = PBXFileReference; lastKnownFileType = sourcecode.swift; path = NetMonServerApp.swift; sourceTree = "<group>"; };
		9610B930346072E93E57D4F4 /* FirstRunWizard.swift */ = {isa = PBXFileReference; lastKnownFileType = sourcecode.swift; path = FirstRunWizard.swift; sourceTree = "<group>"; };
		A2259112416CFB1243B1715D /* MainWindowView.swift */ = {isa = PBXFileReference; lastKnownFileType = sourcecode.swift; path = MainWindowView.swift; sourceTree = "<group>"; };
		A595115F9B17CC4FA7FA51AB /* DataModels.swift */ = {isa = PBXFileReference; lastKnownFileType = sourcecode.swift; path = DataModels.swift; sourceTree = "<group>"; };
		E908AA93D769DB1B3AF1CC60 /* EventsPane.swift */ = {isa = PBXFileReference; lastKnownFileType = sourcecode.swift; path = EventsPane.swift; sourceTree = "<group>"; };
		EA1174A88D9C6D83C5B178A5 /* NetMonServer.app */ = {isa = PBXFileReference; explicitFileType = wrapper.application; includeInIndex = 0; path = NetMonServer.app; sourceTree = BUILT_PRODUCTS_DIR; };
		F6F1B79374194356345F24F3 /* DevicesPane.swift */ = {isa = PBXFileReference; lastKnownFileType = sourcecode.swift; path = DevicesPane.swift; sourceTree = "<group>"; };
		F81591BD67C8AED8C7780EEB /* MenuBarView.swift */ = {isa = PBXFileReference; lastKnownFileType = sourcecode.swift; path = MenuBarView.swift; sourceTree = "<group>"; };
/* End PBXFileReference section */

/* Begin PBXGroup section */
		6A1C28D286289DFAED71F06F /* Products */ = {
			isa = PBXGroup;
			children = (
				EA1174A88D9C6D83C5B178A5 /* NetMonServer.app */,
			);
			name = Products;
			sourceTree = "<group>";
		};
		82641A246B62140FC4ADF90A /* NetMonServer */ = {
			isa = PBXGroup;
			children = (
				03D76DEA76DE2EAB6ED274E3 /* DashboardPane.swift */,
				A595115F9B17CC4FA7FA51AB /* DataModels.swift */,
				F6F1B79374194356345F24F3 /* DevicesPane.swift */,
				E908AA93D769DB1B3AF1CC60 /* EventsPane.swift */,
				9610B930346072E93E57D4F4 /* FirstRunWizard.swift */,
				8519097DB1B32ABA90519163 /* HistoryPane.swift */,
				262374C5506881D2B66ED506 /* JSONValue.swift */,
				3F3E4D91239D6F5C56739021 /* LocalAPIClient.swift */,
				A2259112416CFB1243B1715D /* MainWindowView.swift */,
				F81591BD67C8AED8C7780EEB /* MenuBarView.swift */,
				8D1075BC7B502696CA74B0E3 /* NetMonServerApp.swift */,
				2D2F0145E50EE07CF434625C /* Resources */,
				176759559F8E2010B4624D25 /* ServerController.swift */,
				7AE48258FEBA1D0E79879564 /* ServerPane.swift */,
				01E89838FE75636CDE06C5DD /* SetupView.swift */,
				47C57A16498DDAA124C4125B /* UpdateChecker.swift */,
			);
			path = NetMonServer;
			sourceTree = "<group>";
		};
		F717E33F1DD146218B678EEF = {
			isa = PBXGroup;
			children = (
				82641A246B62140FC4ADF90A /* NetMonServer */,
				6A1C28D286289DFAED71F06F /* Products */,
			);
			sourceTree = "<group>";
		};
/* End PBXGroup section */

/* Begin PBXNativeTarget section */
		FCC3B64EB8A18154BEC5E78F /* NetMonServer */ = {
			isa = PBXNativeTarget;
			buildConfigurationList = 4A6EBBE6BF2CC72BF7BD0884 /* Build configuration list for PBXNativeTarget "NetMonServer" */;
			buildPhases = (
				D7F7815478F54A69B0C90E16 /* Sources */,
				9FCF07DCDA9D249A01016838 /* Resources */,
			);
			buildRules = (
			);
			dependencies = (
			);
			name = NetMonServer;
			packageProductDependencies = (
			);
			productName = NetMonServer;
			productReference = EA1174A88D9C6D83C5B178A5 /* NetMonServer.app */;
			productType = "com.apple.product-type.application";
		};
/* End PBXNativeTarget section */

/* Begin PBXProject section */
		31DEC48F043664CB74E359F7 /* Project object */ = {
			isa = PBXProject;
			attributes = {
				BuildIndependentTargetsInParallel = YES;
				LastUpgradeCheck = 1430;
				TargetAttributes = {
					FCC3B64EB8A18154BEC5E78F = {
						DevelopmentTeam = 9ZB72X2V54;
						ProvisioningStyle = Automatic;
					};
				};
			};
			buildConfigurationList = 81FA1BCE7E50384468727A40 /* Build configuration list for PBXProject "NetMonServer" */;
			developmentRegion = en;
			hasScannedForEncodings = 0;
			knownRegions = (
				Base,
				en,
			);
			mainGroup = F717E33F1DD146218B678EEF;
			minimizedProjectReferenceProxies = 1;
			preferredProjectObjectVersion = 77;
			productRefGroup = 6A1C28D286289DFAED71F06F /* Products */;
			projectDirPath = "";
			projectRoot = "";
			targets = (
				FCC3B64EB8A18154BEC5E78F /* NetMonServer */,
			);
		};
/* End PBXProject section */

/* Begin PBXResourcesBuildPhase section */
		9FCF07DCDA9D249A01016838 /* Resources */ = {
			isa = PBXResourcesBuildPhase;
			buildActionMask = 2147483647;
			files = (
				21139ECAD15B6B289C7BF541 /* Resources in Resources */,
			);
			runOnlyForDeploymentPostprocessing = 0;
		};
/* End PBXResourcesBuildPhase section */

/* Begin PBXSourcesBuildPhase section */
		D7F7815478F54A69B0C90E16 /* Sources */ = {
			isa = PBXSourcesBuildPhase;
			buildActionMask = 2147483647;
			files = (
				BE3804D0F3FEF57C33033F9C /* DashboardPane.swift in Sources */,
				9BB09ACE8A90593FB73C1412 /* DataModels.swift in Sources */,
				91857B91DF633FCCFCA9BAAE /* DevicesPane.swift in Sources */,
				CD0CB0598CFAF35D9912992E /* EventsPane.swift in Sources */,
				98072EB2C4BA07DFA2E87F5A /* FirstRunWizard.swift in Sources */,
				434DB9F49359A889D4ACA333 /* HistoryPane.swift in Sources */,
				005BFF479B855BD68EDAF7B5 /* JSONValue.swift in Sources */,
				FBF4FB630A67A444106C322D /* LocalAPIClient.swift in Sources */,
				EABFCA51A6895170EDFBFD4A /* MainWindowView.swift in Sources */,
				06153F344A5F03EAC4201C33 /* MenuBarView.swift in Sources */,
				8581BD04E15CBFC8CDB2D42E /* NetMonServerApp.swift in Sources */,
				E8662602FA2B68B1B9A1AA46 /* ServerController.swift in Sources */,
				6C9C3BEF97F5C93D4356A993 /* ServerPane.swift in Sources */,
				E8363B60C93E4CC17E6B8050 /* SetupView.swift in Sources */,
				CFCF93010503C7D742766201 /* UpdateChecker.swift in Sources */,
			);
			runOnlyForDeploymentPostprocessing = 0;
		};
/* End PBXSourcesBuildPhase section */

/* Begin XCBuildConfiguration section */
		3CAB2632860D703D002E7482 /* Debug */ = {
			isa = XCBuildConfiguration;
			buildSettings = {
				ALWAYS_SEARCH_USER_PATHS = NO;
				CLANG_ANALYZER_NONNULL = YES;
				CLANG_ANALYZER_NUMBER_OBJECT_CONVERSION = YES_AGGRESSIVE;
				CLANG_CXX_LANGUAGE_STANDARD = "gnu++14";
				CLANG_CXX_LIBRARY = "libc++";
				CLANG_ENABLE_MODULES = YES;
				CLANG_ENABLE_OBJC_ARC = YES;
				CLANG_ENABLE_OBJC_WEAK = YES;
				CLANG_WARN_BLOCK_CAPTURE_AUTORELEASING = YES;
				CLANG_WARN_BOOL_CONVERSION = YES;
				CLANG_WARN_COMMA = YES;
				CLANG_WARN_CONSTANT_CONVERSION = YES;
				CLANG_WARN_DEPRECATED_OBJC_IMPLEMENTATIONS = YES;
				CLANG_WARN_DIRECT_OBJC_ISA_USAGE = YES_ERROR;
				CLANG_WARN_DOCUMENTATION_COMMENTS = YES;
				CLANG_WARN_EMPTY_BODY = YES;
				CLANG_WARN_ENUM_CONVERSION = YES;
				CLANG_WARN_INFINITE_RECURSION = YES;
				CLANG_WARN_INT_CONVERSION = YES;
				CLANG_WARN_NON_LITERAL_NULL_CONVERSION = YES;
				CLANG_WARN_OBJC_IMPLICIT_RETAIN_SELF = YES;
				CLANG_WARN_OBJC_LITERAL_CONVERSION = YES;
				CLANG_WARN_OBJC_ROOT_CLASS = YES_ERROR;
				CLANG_WARN_QUOTED_INCLUDE_IN_FRAMEWORK_HEADER = YES;
				CLANG_WARN_RANGE_LOOP_ANALYSIS = YES;
				CLANG_WARN_STRICT_PROTOTYPES = YES;
				CLANG_WARN_SUSPICIOUS_MOVE = YES;
				CLANG_WARN_UNGUARDED_AVAILABILITY = YES_AGGRESSIVE;
				CLANG_WARN_UNREACHABLE_CODE = YES;
				CLANG_WARN__DUPLICATE_METHOD_MATCH = YES;
				CODE_SIGN_STYLE = Automatic;
				COPY_PHASE_STRIP = NO;
				CURRENT_PROJECT_VERSION = 2;
				DEBUG_INFORMATION_FORMAT = dwarf;
				DEVELOPMENT_TEAM = 9ZB72X2V54;
				ENABLE_STRICT_OBJC_MSGSEND = YES;
				ENABLE_TESTABILITY = YES;
				GCC_C_LANGUAGE_STANDARD = gnu11;
				GCC_DYNAMIC_NO_PIC = NO;
				GCC_NO_COMMON_BLOCKS = YES;
				GCC_OPTIMIZATION_LEVEL = 0;
				GCC_PREPROCESSOR_DEFINITIONS = (
					"$(inherited)",
					"DEBUG=1",
				);
				GCC_WARN_64_TO_32_BIT_CONVERSION = YES;
				GCC_WARN_ABOUT_RETURN_TYPE = YES_ERROR;
				GCC_WARN_UNDECLARED_SELECTOR = YES;
				GCC_WARN_UNINITIALIZED_AUTOS = YES_AGGRESSIVE;
				GCC_WARN_UNUSED_FUNCTION = YES;
				GCC_WARN_UNUSED_VARIABLE = YES;
				MACOSX_DEPLOYMENT_TARGET = 14.0;
				MARKETING_VERSION = 0.2;
				MTL_ENABLE_DEBUG_INFO = INCLUDE_SOURCE;
				MTL_FAST_MATH = YES;
				ONLY_ACTIVE_ARCH = YES;
				PRODUCT_NAME = "$(TARGET_NAME)";
				SDKROOT = macosx;
				SWIFT_ACTIVE_COMPILATION_CONDITIONS = DEBUG;
				SWIFT_OPTIMIZATION_LEVEL = "-Onone";
				SWIFT_STRICT_CONCURRENCY = complete;
				SWIFT_VERSION = 5.10;
			};
			name = Debug;
		};
		6F55D08F9B0CC7EAC3C03064 /* Debug */ = {
			isa = XCBuildConfiguration;
			buildSettings = {
				ASSETCATALOG_COMPILER_APPICON_NAME = AppIcon;
				CODE_SIGN_ENTITLEMENTS = NetMonServer/NetMonServer.entitlements;
				COMBINE_HIDPI_IMAGES = YES;
				ENABLE_HARDENED_RUNTIME = YES;
				GENERATE_INFOPLIST_FILE = NO;
				INFOPLIST_FILE = NetMonServer/Info.plist;
				LD_RUNPATH_SEARCH_PATHS = (
					"$(inherited)",
					"@executable_path/../Frameworks",
				);
				PRODUCT_BUNDLE_IDENTIFIER = com.gbellas.netmon.server;
				PRODUCT_NAME = "NetMon Server";
				SDKROOT = macosx;
			};
			name = Debug;
		};
		A2B3DEADD1924D16B7B85D59 /* Release */ = {
			isa = XCBuildConfiguration;
			buildSettings = {
				ASSETCATALOG_COMPILER_APPICON_NAME = AppIcon;
				CODE_SIGN_ENTITLEMENTS = NetMonServer/NetMonServer.entitlements;
				COMBINE_HIDPI_IMAGES = YES;
				ENABLE_HARDENED_RUNTIME = YES;
				GENERATE_INFOPLIST_FILE = NO;
				INFOPLIST_FILE = NetMonServer/Info.plist;
				LD_RUNPATH_SEARCH_PATHS = (
					"$(inherited)",
					"@executable_path/../Frameworks",
				);
				PRODUCT_BUNDLE_IDENTIFIER = com.gbellas.netmon.server;
				PRODUCT_NAME = "NetMon Server";
				SDKROOT = macosx;
			};
			name = Release;
		};
		FA2CCF65AE60AA44F774F827 /* Release */ = {
			isa = XCBuildConfiguration;
			buildSettings = {
				ALWAYS_SEARCH_USER_PATHS = NO;
				CLANG_ANALYZER_NONNULL = YES;
				CLANG_ANALYZER_NUMBER_OBJECT_CONVERSION = YES_AGGRESSIVE;
				CLANG_CXX_LANGUAGE_STANDARD = "gnu++14";
				CLANG_CXX_LIBRARY = "libc++";
				CLANG_ENABLE_MODULES = YES;
				CLANG_ENABLE_OBJC_ARC = YES;
				CLANG_ENABLE_OBJC_WEAK = YES;
				CLANG_WARN_BLOCK_CAPTURE_AUTORELEASING = YES;
				CLANG_WARN_BOOL_CONVERSION = YES;
				CLANG_WARN_COMMA = YES;
				CLANG_WARN_CONSTANT_CONVERSION = YES;
				CLANG_WARN_DEPRECATED_OBJC_IMPLEMENTATIONS = YES;
				CLANG_WARN_DIRECT_OBJC_ISA_USAGE = YES_ERROR;
				CLANG_WARN_DOCUMENTATION_COMMENTS = YES;
				CLANG_WARN_EMPTY_BODY = YES;
				CLANG_WARN_ENUM_CONVERSION = YES;
				CLANG_WARN_INFINITE_RECURSION = YES;
				CLANG_WARN_INT_CONVERSION = YES;
				CLANG_WARN_NON_LITERAL_NULL_CONVERSION = YES;
				CLANG_WARN_OBJC_IMPLICIT_RETAIN_SELF = YES;
				CLANG_WARN_OBJC_LITERAL_CONVERSION = YES;
				CLANG_WARN_OBJC_ROOT_CLASS = YES_ERROR;
				CLANG_WARN_QUOTED_INCLUDE_IN_FRAMEWORK_HEADER = YES;
				CLANG_WARN_RANGE_LOOP_ANALYSIS = YES;
				CLANG_WARN_STRICT_PROTOTYPES = YES;
				CLANG_WARN_SUSPICIOUS_MOVE = YES;
				CLANG_WARN_UNGUARDED_AVAILABILITY = YES_AGGRESSIVE;
				CLANG_WARN_UNREACHABLE_CODE = YES;
				CLANG_WARN__DUPLICATE_METHOD_MATCH = YES;
				CODE_SIGN_STYLE = Automatic;
				COPY_PHASE_STRIP = NO;
				CURRENT_PROJECT_VERSION = 2;
				DEBUG_INFORMATION_FORMAT = "dwarf-with-dsym";
				DEVELOPMENT_TEAM = 9ZB72X2V54;
				ENABLE_NS_ASSERTIONS = NO;
				ENABLE_STRICT_OBJC_MSGSEND = YES;
				GCC_C_LANGUAGE_STANDARD = gnu11;
				GCC_NO_COMMON_BLOCKS = YES;
				GCC_WARN_64_TO_32_BIT_CONVERSION = YES;
				GCC_WARN_ABOUT_RETURN_TYPE = YES_ERROR;
				GCC_WARN_UNDECLARED_SELECTOR = YES;
				GCC_WARN_UNINITIALIZED_AUTOS = YES_AGGRESSIVE;
				GCC_WARN_UNUSED_FUNCTION = YES;
				GCC_WARN_UNUSED_VARIABLE = YES;
				MACOSX_DEPLOYMENT_TARGET = 14.0;
				MARKETING_VERSION = 0.2;
				MTL_ENABLE_DEBUG_INFO = NO;
				MTL_FAST_MATH = YES;
				PRODUCT_NAME = "$(TARGET_NAME)";
				SDKROOT = macosx;
				SWIFT_COMPILATION_MODE = wholemodule;
				SWIFT_OPTIMIZATION_LEVEL = "-O";
				SWIFT_STRICT_CONCURRENCY = complete;
				SWIFT_VERSION = 5.10;
			};
			name = Release;
		};
/* End XCBuildConfiguration section */

/* Begin XCConfigurationList section */
		4A6EBBE6BF2CC72BF7BD0884 /* Build configuration list for PBXNativeTarget "NetMonServer" */ = {
			isa = XCConfigurationList;
			buildConfigurations = (
				6F55D08F9B0CC7EAC3C03064 /* Debug */,
				A2B3DEADD1924D16B7B85D59 /* Release */,
			);
			defaultConfigurationIsVisible = 0;
			defaultConfigurationName = Debug;
		};
		81FA1BCE7E50384468727A40 /* Build configuration list for PBXProject "NetMonServer" */ = {
			isa = XCConfigurationList;
			buildConfigurations = (
				3CAB2632860D703D002E7482 /* Debug */,
				FA2CCF65AE60AA44F774F827 /* Release */,
			);
			defaultConfigurationIsVisible = 0;
			defaultConfigurationName = Debug;
		};
/* End XCConfigurationList section */
	};
	rootObject = 31DEC48F043664CB74E359F7 /* Project object */;
}
